
Microsoft Visual Studio Solution File, Format Version 12.00
# Visual Studio Version 17
VisualStudioVersion = 17.4.33213.308
MinimumVisualStudioVersion = 10.0.40219.1
Project("{9A19103F-16F7-4668-BE54-9A1E7A4F7556}") = "PrimeiraAPIv01", "PrimeiraAPIv01\PrimeiraAPIv01.csproj", "{78B88683-47AE-4747-86A8-3109DBAD60ED}"
EndProject
Project("{9A19103F-16F7-4668-BE54-9A1E7A4F7556}") = "AcessandoBancoDeDadosViaSqlClient", "AcessandoBancoDeDadosViaSqlClient\AcessandoBancoDeDadosViaSqlClient.csproj", "{74096C08-954B-4EDD-8BA2-5045534E2FE9}"
EndProject
Project("{9A19103F-16F7-4668-BE54-9A1E7A4F7556}") = "AcessandoBancoDeDadosUsandoEntityFramework", "AcessandoBancoDeDadosUsandoEntityFramework\AcessandoBancoDeDadosUsandoEntityFramework.csproj", "{0035C7C2-3FAF-4A0E-9AEB-3C198562E62D}"
EndProject
Project("{FAE04EC0-301F-11D3-BF4B-00C04F79EFBC}") = "BancoExemplo2", "BancoExemplo2\BancoExemplo2.csproj", "{DE9CBAB1-91CF-452E-BBC5-8912065BC46D}"
EndProject
Project("{FAE04EC0-301F-11D3-BF4B-00C04F79EFBC}") = "WebApplication1", "WebApplication1\WebApplication1.csproj", "{7CDD8CD7-AAF5-4306-92DA-FCAE7B258493}"
EndProject
Global
	GlobalSection(SolutionConfigurationPlatforms) = preSolution
		Debug|Any CPU = Debug|Any CPU
		Release|Any CPU = Release|Any CPU
	EndGlobalSection
	GlobalSection(ProjectConfigurationPlatforms) = postSolution
		{78B88683-47AE-4747-86A8-3109DBAD60ED}.Debug|Any CPU.ActiveCfg = Debug|Any CPU
		{78B88683-47AE-4747-86A8-3109DBAD60ED}.Debug|Any CPU.Build.0 = Debug|Any CPU
		{78B88683-47AE-4747-86A8-3109DBAD60ED}.Release|Any CPU.ActiveCfg = Release|Any CPU
		{78B88683-47AE-4747-86A8-3109DBAD60ED}.Release|Any CPU.Build.0 = Release|Any CPU
		{74096C08-954B-4EDD-8BA2-5045534E2FE9}.Debug|Any CPU.ActiveCfg = Debug|Any CPU
		{74096C08-954B-4EDD-8BA2-5045534E2FE9}.Debug|Any CPU.Build.0 = Debug|Any CPU
		{74096C08-954B-4EDD-8BA2-5045534E2FE9}.Release|Any CPU.ActiveCfg = Release|Any CPU
		{74096C08-954B-4EDD-8BA2-5045534E2FE9}.Release|Any CPU.Build.0 = Release|Any CPU
		{0035C7C2-3FAF-4A0E-9AEB-3C198562E62D}.Debug|Any CPU.ActiveCfg = Debug|Any CPU
		{0035C7C2-3FAF-4A0E-9AEB-3C198562E62D}.Debug|Any CPU.Build.0 = Debug|Any CPU
		{0035C7C2-3FAF-4A0E-9AEB-3C198562E62D}.Release|Any CPU.ActiveCfg = Release|Any CPU
		{0035C7C2-3FAF-4A0E-9AEB-3C198562E62D}.Release|Any CPU.Build.0 = Release|Any CPU
		{DE9CBAB1-91CF-452E-BBC5-8912065BC46D}.Debug|Any CPU.ActiveCfg = Debug|Any CPU
		{DE9CBAB1-91CF-452E-BBC5-8912065BC46D}.Debug|Any CPU.Build.0 = Debug|Any CPU
		{DE9CBAB1-91CF-452E-BBC5-8912065BC46D}.Release|Any CPU.ActiveCfg = Release|Any CPU
		{DE9CBAB1-91CF-452E-BBC5-8912065BC46D}.Release|Any CPU.Build.0 = Release|Any CPU
		{7CDD8CD7-AAF5-4306-92DA-FCAE7B258493}.Debug|Any CPU.ActiveCfg = Debug|Any CPU
		{7CDD8CD7-AAF5-4306-92DA-FCAE7B258493}.Debug|Any CPU.Build.0 = Debug|Any CPU
		{7CDD8CD7-AAF5-4306-92DA-FCAE7B258493}.Release|Any CPU.ActiveCfg = Release|Any CPU
		{7CDD8CD7-AAF5-4306-92DA-FCAE7B258493}.Release|Any CPU.Build.0 = Release|Any CPU
	EndGlobalSection
	GlobalSection(SolutionProperties) = preSolution
		HideSolutionNode = FALSE
	EndGlobalSection
	GlobalSection(ExtensibilityGlobals) = postSolution
		SolutionGuid = {C57D00BE-8366-4B44-B9D0-835C424E5827}
	EndGlobalSection
EndGlobal
