
Microsoft Visual Studio Solution File, Format Version 12.00
# Visual Studio Version 17
VisualStudioVersion = 17.5.33516.290
MinimumVisualStudioVersion = 10.0.40219.1
Project("{FAE04EC0-301F-11D3-BF4B-00C04F79EFBC}") = "LanchoneteAPI", "LanchoneteAPI\LanchoneteAPI.csproj", "{4E13428B-A1FC-4A15-AF97-13847E16A885}"
EndProject
Global
	GlobalSection(SolutionConfigurationPlatforms) = preSolution
		Debug|Any CPU = Debug|Any CPU
		Release|Any CPU = Release|Any CPU
	EndGlobalSection
	GlobalSection(ProjectConfigurationPlatforms) = postSolution
		{4E13428B-A1FC-4A15-AF97-13847E16A885}.Debug|Any CPU.ActiveCfg = Debug|Any CPU
		{4E13428B-A1FC-4A15-AF97-13847E16A885}.Debug|Any CPU.Build.0 = Debug|Any CPU
		{4E13428B-A1FC-4A15-AF97-13847E16A885}.Release|Any CPU.ActiveCfg = Release|Any CPU
		{4E13428B-A1FC-4A15-AF97-13847E16A885}.Release|Any CPU.Build.0 = Release|Any CPU
	EndGlobalSection
	GlobalSection(SolutionProperties) = preSolution
		HideSolutionNode = FALSE
	EndGlobalSection
	GlobalSection(ExtensibilityGlobals) = postSolution
		SolutionGuid = {F8788D12-CE67-4698-B2F0-224F04C62E40}
	EndGlobalSection
EndGlobal
