
Microsoft Visual Studio Solution File, Format Version 12.00
# Visual Studio Version 17
VisualStudioVersion = 17.5.33516.290
MinimumVisualStudioVersion = 10.0.40219.1
Project("{FAE04EC0-301F-11D3-BF4B-00C04F79EFBC}") = "ConsoleApp1", "ConsoleApp1\ConsoleApp1.csproj", "{88182DE3-FA84-4199-966F-4F7C2A7F43F4}"
EndProject
Global
	GlobalSection(SolutionConfigurationPlatforms) = preSolution
		Debug|Any CPU = Debug|Any CPU
		Release|Any CPU = Release|Any CPU
	EndGlobalSection
	GlobalSection(ProjectConfigurationPlatforms) = postSolution
		{88182DE3-FA84-4199-966F-4F7C2A7F43F4}.Debug|Any CPU.ActiveCfg = Debug|Any CPU
		{88182DE3-FA84-4199-966F-4F7C2A7F43F4}.Debug|Any CPU.Build.0 = Debug|Any CPU
		{88182DE3-FA84-4199-966F-4F7C2A7F43F4}.Release|Any CPU.ActiveCfg = Release|Any CPU
		{88182DE3-FA84-4199-966F-4F7C2A7F43F4}.Release|Any CPU.Build.0 = Release|Any CPU
	EndGlobalSection
	GlobalSection(SolutionProperties) = preSolution
		HideSolutionNode = FALSE
	EndGlobalSection
	GlobalSection(ExtensibilityGlobals) = postSolution
		SolutionGuid = {0720D189-AB5E-4F4D-8D86-CE56CAD231F3}
	EndGlobalSection
EndGlobal
